
Microsoft Visual Studio Solution File, Format Version 12.00
# Visual Studio Version 16
VisualStudioVersion = 16.0.31229.75
MinimumVisualStudioVersion = 10.0.40219.1
Project("{8BC9CEB8-8B4A-11D0-8D11-00A0C91BC942}") = "DriverDllFinder", "DriverDllFinder.vcxproj", "{41D48970-0805-4BF4-BAAE-F2DD57640BF4}"
EndProject
Global
	GlobalSection(SolutionConfigurationPlatforms) = preSolution
		Debug|x64 = Debug|x64
		Debug|x86 = Debug|x86
		Release|x64 = Release|x64
		Release|x86 = Release|x86
	EndGlobalSection
	GlobalSection(ProjectConfigurationPlatforms) = postSolution
		{41D48970-0805-4BF4-BAAE-F2DD57640BF4}.Debug|x64.ActiveCfg = Debug|x64
		{41D48970-0805-4BF4-BAAE-F2DD57640BF4}.Debug|x64.Build.0 = Debug|x64
		{41D48970-0805-4BF4-BAAE-F2DD57640BF4}.Debug|x86.ActiveCfg = Debug|Win32
		{41D48970-0805-4BF4-BAAE-F2DD57640BF4}.Debug|x86.Build.0 = Debug|Win32
		{41D48970-0805-4BF4-BAAE-F2DD57640BF4}.Release|x64.ActiveCfg = Release|x64
		{41D48970-0805-4BF4-BAAE-F2DD57640BF4}.Release|x64.Build.0 = Release|x64
		{41D48970-0805-4BF4-BAAE-F2DD57640BF4}.Release|x86.ActiveCfg = Release|Win32
		{41D48970-0805-4BF4-BAAE-F2DD57640BF4}.Release|x86.Build.0 = Release|Win32
	EndGlobalSection
	GlobalSection(SolutionProperties) = preSolution
		HideSolutionNode = FALSE
	EndGlobalSection
	GlobalSection(ExtensibilityGlobals) = postSolution
		SolutionGuid = {E74D7452-9324-4FF1-A685-F1430E7E6061}
	EndGlobalSection
EndGlobal
